{
  "name": "05-proyecto",
  "version": "1.0.0",
  "lockfileVersion": 1,
  "requires": true,
  "dependencies": {
    "libreria-jll": {
      "version": "1.2.3",
      "resolved": "https://registry.npmjs.org/libreria-jll/-/libreria-jll-1.2.3.tgz",
      "integrity": "sha512-MUnAy+7JogN+coINa9M0Gb2GWsM0g3gAtdUHr6nD4Z7sKi2uPZHktJjwM93gzQYXJL688PH0jHiKQibQEkhsIQ=="
    }
  }
}
