{
  "name": "05-proyecto",
  "version": "1.0.0",
  "lockfileVersion": 1,
  "requires": true,
  "dependencies": {
    "libreria-jll": {
      "version": "1.0.0",
      "resolved": "https://registry.npmjs.org/libreria-jll/-/libreria-jll-1.0.0.tgz",
      "integrity": "sha512-Ri6XJVlN58XSY45QTOC8FU85xcCC7YKhwzxaKdo3HxXHyojNQBZis1kqkawuLKj3SxkgeDPKgXsO/3fcN4txow=="
    }
  }
}
